{
    "_meta": {
        "hash": {
            "sha256": "9e5ec6d65aac0e4651157e26bfec5fb32402c4ba8855c1d77422d8506ff32f01"
        },
        "pipfile-spec": 6,
        "requires": {
            "python_version": "3.6"
        },
        "sources": [
            {
                "name": "pypi",
                "url": "https://pypi.org/simple",
                "verify_ssl": true
            }
        ]
    },
    "default": {
        "asn1crypto": {
            "hashes": [
                "sha256:7bb1cc02a5620b3d72da4ba070bda2f44f0e61b44dee910a302eddff802b6fb5",
                "sha256:87620880a477123e01177a1f73d0f327210b43a3cdbd714efcd2fa49a8d7b384"
            ],
            "version": "==1.2.0"
        },
        "certifi": {
            "hashes": [
                "sha256:e4f3620cfea4f83eedc95b24abd9cd56f3c4b146dd0177e83a21b4eb49e21e50",
                "sha256:fd7c7c74727ddcf00e9acd26bba8da604ffec95bf1c2144e67aff7a8b50e6cef"
            ],
            "version": "==2019.9.11"
        },
        "cffi": {
            "hashes": [
                "sha256:08f99e8b38d5134d504aa7e486af8e4fde66a2f388bbecc270cdd1e00fa09ff8",
                "sha256:1112d2fc92a867a6103bce6740a549e74b1d320cf28875609f6e93857eee4f2d",
                "sha256:1b9ab50c74e075bd2ae489853c5f7f592160b379df53b7f72befcbe145475a36",
                "sha256:24eff2997436b6156c2f30bed215c782b1d8fd8c6a704206053c79af95962e45",
                "sha256:2eff642fbc9877a6449026ad66bf37c73bf4232505fb557168ba5c502f95999b",
                "sha256:362e896cea1249ed5c2a81cf6477fabd9e1a5088aa7ea08358a4c6b0998294d2",
                "sha256:40eddb3589f382cb950f2dcf1c39c9b8d7bd5af20665ce273815b0d24635008b",
                "sha256:5ed40760976f6b8613d4a0db5e423673ca162d4ed6c9ed92d1f4e58a47ee01b5",
                "sha256:632c6112c1e914c486f06cfe3f0cc507f44aa1e00ebf732cedb5719e6aa0466a",
                "sha256:64d84f0145e181f4e6cc942088603c8db3ae23485c37eeda71cb3900b5e67cb4",
                "sha256:6cb4edcf87d0e7f5bdc7e5c1a0756fbb37081b2181293c5fdf203347df1cd2a2",
                "sha256:6f19c9df4785305669335b934c852133faed913c0faa63056248168966f7a7d5",
                "sha256:719537b4c5cd5218f0f47826dd705fb7a21d83824920088c4214794457113f3f",
                "sha256:7b0e337a70e58f1a36fb483fd63880c9e74f1db5c532b4082bceac83df1523fa",
                "sha256:853376efeeb8a4ae49a737d5d30f5db8cdf01d9319695719c4af126488df5a6a",
                "sha256:85bbf77ffd12985d76a69d2feb449e35ecdcb4fc54a5f087d2bd54158ae5bb0c",
                "sha256:8978115c6f0b0ce5880bc21c967c65058be8a15f1b81aa5fdbdcbea0e03952d1",
                "sha256:8f7eec920bc83692231d7306b3e311586c2e340db2dc734c43c37fbf9c981d24",
                "sha256:8fe230f612c18af1df6f348d02d682fe2c28ca0a6c3856c99599cdacae7cf226",
                "sha256:92068ebc494b5f9826b822cec6569f1f47b9a446a3fef477e1d11d7fac9ea895",
                "sha256:b57e1c8bcdd7340e9c9d09613b5e7fdd0c600be142f04e2cc1cc8cb7c0b43529",
                "sha256:ba956c9b44646bc1852db715b4a252e52a8f5a4009b57f1dac48ba3203a7bde1",
                "sha256:ca42034c11eb447497ea0e7b855d87ccc2aebc1e253c22e7d276b8599c112a27",
                "sha256:dc9b2003e9a62bbe0c84a04c61b0329e86fccd85134a78d7aca373bbbf788165",
                "sha256:dd308802beb4b2961af8f037becbdf01a1e85009fdfc14088614c1b3c383fae5",
                "sha256:e77cd105b19b8cd721d101687fcf665fd1553eb7b57556a1ef0d453b6fc42faa",
                "sha256:f56dff1bd81022f1c980754ec721fb8da56192b026f17f0f99b965da5ab4fbd2",
                "sha256:fa4cc13c03ea1d0d37ce8528e0ecc988d2365e8ac64d8d86cafab4038cb4ce89",
                "sha256:fa8cf1cb974a9f5911d2a0303f6adc40625c05578d8e7ff5d313e1e27850bd59",
                "sha256:fb003019f06d5fc0aa4738492ad8df1fa343b8a37cbcf634018ad78575d185df",
                "sha256:fd409b7778167c3bcc836484a8f49c0e0b93d3e745d975749f83aa5d18a5822f",
                "sha256:fe5d65a3ee38122003245a82303d11ac05ff36531a8f5ce4bc7d4bbc012797e1"
            ],
            "version": "==1.13.0"
        },
        "chardet": {
            "hashes": [
                "sha256:84ab92ed1c4d4f16916e05906b6b75a6c0fb5db821cc65e70cbd64a3e2a5eaae",
                "sha256:fc323ffcaeaed0e0a02bf4d117757b98aed530d9ed4531e3e15460124c106691"
            ],
            "version": "==3.0.4"
        },
        "cryptography": {
            "hashes": [
                "sha256:21af753934f2f6d1a10fe8f4c0a64315af209ef6adeaee63ca349797d747d687",
                "sha256:27bb401a20a838d6d0ea380f08c6ead3ccd8c9d8a0232dc9adcc0e4994576a66",
                "sha256:29720c4253263cff9aea64585adbbe85013ba647f6e98367efff9db2d7193ded",
                "sha256:2a35b7570d8f247889784010aac8b384fd2e4a47b33e15c4a60b45a7c1944120",
                "sha256:42c531a6a354407f42ee07fda5c2c0dc822cf6d52744949c182f2b295fbd4183",
                "sha256:5eb86f03f9c4f0ac2336ac5431271072ddf7ecc76b338e26366732cfac58aa19",
                "sha256:67f7f57eae8dede577f3f7775957f5bec93edd6bdb6ce597bb5b28e1bdf3d4fb",
                "sha256:6ec84edcbc966ae460560a51a90046503ff0b5b66157a9efc61515c68059f6c8",
                "sha256:7ba834564daef87557e7fcd35c3c3183a4147b0b3a57314e53317360b9b201b3",
                "sha256:7d7f084cbe1fdb82be5a0545062b59b1ad3637bc5a48612ac2eb428ff31b31ea",
                "sha256:82409f5150e529d699e5c33fa8fd85e965104db03bc564f5f4b6a9199e591f7c",
                "sha256:87d092a7c2a44e5f7414ab02fb4145723ebba411425e1a99773531dd4c0e9b8d",
                "sha256:8c56ef989342e42b9fcaba7c74b446f0cc9bed546dd00034fa7ad66fc00307ef",
                "sha256:9449f5d4d7c516a6118fa9210c4a00f34384cb1d2028672100ee0c6cce49d7f6",
                "sha256:bc2301170986ad82d9349a91eb8884e0e191209c45f5541b16aa7c0cfb135978",
                "sha256:c132bab45d4bd0fff1d3fe294d92b0a6eb8404e93337b3127bdec9f21de117e6",
                "sha256:c3d945b7b577f07a477700f618f46cbc287af3a9222cd73035c6ef527ef2c363",
                "sha256:cee18beb4c807b5c0b178f4fa2fae03cef9d51821a358c6890f8b23465b7e5d2",
                "sha256:d01dfc5c2b3495184f683574e03c70022674ca9a7be88589c5aba130d835ea90"
            ],
            "index": "pypi",
            "version": "==2.3"
        },
        "idna": {
            "hashes": [
                "sha256:156a6814fb5ac1fc6850fb002e0852d56c0c8d2531923a51032d1b70760e186e",
                "sha256:684a38a6f903c1d71d6d5fac066b58d7768af4de2b832e426ec79c30daa94a16"
            ],
            "version": "==2.7"
        },
        "lxml": {
            "hashes": [
                "sha256:0941f4313208c07734410414d8308812b044fd3fb98573454e3d3a0d2e201f3d",
                "sha256:0b18890aa5730f9d847bc5469e8820f782d72af9985a15a7552109a86b01c113",
                "sha256:21f427945f612ac75576632b1bb8c21233393c961f2da890d7be3927a4b6085f",
                "sha256:24cf6f622a4d49851afcf63ac4f0f3419754d4e98a7a548ab48dd03c635d9bd3",
                "sha256:2dc6705486b8abee1af9e2a3761e30a3cb19e8276f20ca7e137ee6611b93707c",
                "sha256:2e43b2e5b7d2b9abe6e0301eef2c2c122ab45152b968910eae68bdee2c4cfae0",
                "sha256:329a6d8b6d36f7d6f8b6c6a1db3b2c40f7e30a19d3caf62023c9d6a677c1b5e1",
                "sha256:423cde55430a348bda6f1021faad7235c2a95a6bdb749e34824e5758f755817a",
                "sha256:4651ea05939374cfb5fe87aab5271ed38c31ea47997e17ec3834b75b94bd9f15",
                "sha256:4be3bbfb2968d7da6e5c2cd4104fc5ec1caf9c0794f6cae724da5a53b4d9f5a3",
                "sha256:622f7e40faef13d232fb52003661f2764ce6cdef3edb0a59af7c1559e4cc36d1",
                "sha256:664dfd4384d886b239ef0d7ee5cff2b463831079d250528b10e394a322f141f9",
                "sha256:697c0f58ac637b11991a1bc92e07c34da4a72e2eda34d317d2c1c47e2f24c1b3",
                "sha256:6ec908b4c8a4faa7fe1a0080768e2ce733f268b287dfefb723273fb34141475f",
                "sha256:7ec3fe795582b75bb49bb1685ffc462dbe38d74312dac07ce386671a28b5316b",
                "sha256:8c39babd923c431dcf1e5874c0f778d3a5c745a62c3a9b6bd755efd489ee8a1d",
                "sha256:949ca5bc56d6cb73d956f4862ba06ad3c5d2808eac76304284f53ae0c8b2334a",
                "sha256:9f0daddeefb0791a600e6195441910bdf01eac470be596b9467e6122b51239a6",
                "sha256:a359893b01c30e949eae0e8a85671a593364c9f0b8162afe0cb97317af0953bf",
                "sha256:ad5d5d8efed59e6b1d4c50c1eac59fb6ecec91b2073676af1e15fc4d43e9b6c5",
                "sha256:bc1a36f95a6b3667c09b34995fc3a46a82e4cf0dc3e7ab281e4c77b15bd7af05",
                "sha256:be37b3f55b6d7d923f43bf74c356fc1878eb36e28505f38e198cb432c19c7b1a",
                "sha256:c45bca5e544eb75f7500ffd730df72922eb878a2f0213b0dc5a5f357ded3a85d",
                "sha256:ccee7ebbb4735ebc341d347fca9ee09f2fa6c0580528c1414bc4e1d31372835c",
                "sha256:dc62c0840b2fc7753550b40405532a3e125c0d3761f34af948873393aa688160",
                "sha256:f7d9d5aa1c7e54167f1a3cba36b5c52c7c540f30952c9bd7d9302a1eda318424"
            ],
            "index": "pypi",
            "version": "==4.2.3"
        },
        "pycparser": {
            "hashes": [
                "sha256:a988718abfad80b6b157acce7bf130a30876d27603738ac39f140993246b25b3"
            ],
            "version": "==2.19"
        },
        "requests": {
            "hashes": [
                "sha256:99dcfdaaeb17caf6e526f32b6a7b780461512ab3f1d992187801694cba42770c",
                "sha256:a84b8c9ab6239b578f22d1c21d51b696dcfe004032bb80ea832398d6909d7279"
            ],
            "index": "pypi",
            "version": "==2.20.0"
        },
        "six": {
            "hashes": [
                "sha256:3350809f0555b11f552448330d0b52d5f24c91a322ea4a15ef22629740f3761c",
                "sha256:d16a0141ec1a18405cd4ce8b4613101da75da0e9a7aec5bdd4fa804d0e0eba73"
            ],
            "version": "==1.12.0"
        },
        "urllib3": {
            "hashes": [
                "sha256:2393a695cd12afedd0dcb26fe5d50d0cf248e5a66f75dbd89a3d4eb333a61af4",
                "sha256:a637e5fae88995b256e3409dc4d52c2e2e0ba32c42a6365fee8bbd2238de3cfb"
            ],
            "version": "==1.24.3"
        }
    },
    "develop": {}
}
